PODS:
  - Bolts (1.2.1):
    - Bolts/AppLinks (= 1.2.1)
    - Bolts/Tasks (= 1.2.1)
  - Bolts/AppLinks (1.2.1):
    - Bolts/Tasks
  - Bolts/Tasks (1.2.1)
  - FBSDKCoreKit (4.5.1):
    - Bolts (~> 1.1)
    - FBSDKCoreKit/arc (= 4.5.1)
    - FBSDKCoreKit/no-arc (= 4.5.1)
  - FBSDKCoreKit/arc (4.5.1):
    - Bolts (~> 1.1)
  - FBSDKCoreKit/no-arc (4.5.1):
    - Bolts (~> 1.1)
    - FBSDKCoreKit/arc
  - FBSDKLoginKit (4.5.1):
    - FBSDKCoreKit
  - FBSDKShareKit (4.5.1):
    - FBSDKCoreKit
  - UCZProgressView (1.0.2)

DEPENDENCIES:
  - FBSDKCoreKit
  - FBSDKLoginKit
  - FBSDKShareKit
  - UCZProgressView

SPEC CHECKSUMS:
  Bolts: 7686a5cb204d1ac54cee26f12d9b7622db3f80d1
  FBSDKCoreKit: f335eaf6865e1e1597dee1debfb533045500da47
  FBSDKLoginKit: 225cc9a388a92916ee3f3bb14422017b6e44b65b
  FBSDKShareKit: 642034ac9f30793dfd897851b724bb4281750266
  UCZProgressView: 55836987c15ee6efb7cd6dfe297556602ee46c94

COCOAPODS: 0.38.2
