// !$*UTF8*$!
{
	archiveVersion = 1;
	classes = {
	};
	objectVersion = 46;
	objects = {

/* Begin PBXBuildFile section */
		929AD73FB7FD75554EAD8650 /* Pods_BaseballGame.framework in Frameworks */ = {isa = PBXBuildFile; fileRef = 8DDAA9072C38CBCB66D0E1DB /* Pods_BaseballGame.framework */; settings = {ATTRIBUTES = (Weak, ); }; };
		F92CF6661B987B5C00BE0428 /* BGDataModel.xcdatamodeld in Sources */ = {isa = PBXBuildFile; fileRef = F92CF6641B987B5C00BE0428 /* BGDataModel.xcdatamodeld */; };
		F93553211B988CBE0097C98C /* CoreData.framework in Frameworks */ = {isa = PBXBuildFile; fileRef = F93553201B988CBE0097C98C /* CoreData.framework */; };
		F961A2A11B9C002E006A0F2C /* check.png in Resources */ = {isa = PBXBuildFile; fileRef = F961A2A01B9C002E006A0F2C /* check.png */; settings = {ASSET_TAGS = (); }; };
		F96329741B7E5E6400C63105 /* main.m in Sources */ = {isa = PBXBuildFile; fileRef = F96329731B7E5E6400C63105 /* main.m */; };
		F96329771B7E5E6400C63105 /* AppDelegate.m in Sources */ = {isa = PBXBuildFile; fileRef = F96329761B7E5E6400C63105 /* AppDelegate.m */; };
		F963297D1B7E5E6400C63105 /* Main.storyboard in Resources */ = {isa = PBXBuildFile; fileRef = F963297B1B7E5E6400C63105 /* Main.storyboard */; };
		F963297F1B7E5E6400C63105 /* Assets.xcassets in Resources */ = {isa = PBXBuildFile; fileRef = F963297E1B7E5E6400C63105 /* Assets.xcassets */; };
		F96329821B7E5E6400C63105 /* LaunchScreen.storyboard in Resources */ = {isa = PBXBuildFile; fileRef = F96329801B7E5E6400C63105 /* LaunchScreen.storyboard */; };
		F963298D1B7E5E6500C63105 /* BaseballGameTests.m in Sources */ = {isa = PBXBuildFile; fileRef = F963298C1B7E5E6500C63105 /* BaseballGameTests.m */; };
		F96329981B7E5E6500C63105 /* BaseballGameUITests.m in Sources */ = {isa = PBXBuildFile; fileRef = F96329971B7E5E6500C63105 /* BaseballGameUITests.m */; };
		F972E8621B9CC3960043DDB1 /* select_empty.png in Resources */ = {isa = PBXBuildFile; fileRef = F972E8611B9CC3960043DDB1 /* select_empty.png */; settings = {ASSET_TAGS = (); }; };
		F9FEEA461BA265C500ED1D6C /* BGBatter.m in Sources */ = {isa = PBXBuildFile; fileRef = F9FEEA431BA265C500ED1D6C /* BGBatter.m */; settings = {ASSET_TAGS = (); }; };
		F9FEEA471BA265C500ED1D6C /* BGBatter+CoreDataProperties.m in Sources */ = {isa = PBXBuildFile; fileRef = F9FEEA451BA265C500ED1D6C /* BGBatter+CoreDataProperties.m */; settings = {ASSET_TAGS = (); }; };
		F9FEEA4C1BA265CE00ED1D6C /* BGPitcher.m in Sources */ = {isa = PBXBuildFile; fileRef = F9FEEA491BA265CE00ED1D6C /* BGPitcher.m */; settings = {ASSET_TAGS = (); }; };
		F9FEEA4D1BA265CE00ED1D6C /* BGPitcher+CoreDataProperties.m in Sources */ = {isa = PBXBuildFile; fileRef = F9FEEA4B1BA265CE00ED1D6C /* BGPitcher+CoreDataProperties.m */; settings = {ASSET_TAGS = (); }; };
		F9FEEA521BA265E000ED1D6C /* BGTeamInfo.m in Sources */ = {isa = PBXBuildFile; fileRef = F9FEEA4F1BA265E000ED1D6C /* BGTeamInfo.m */; settings = {ASSET_TAGS = (); }; };
		F9FEEA531BA265E000ED1D6C /* BGTeamInfo+CoreDataProperties.m in Sources */ = {isa = PBXBuildFile; fileRef = F9FEEA511BA265E000ED1D6C /* BGTeamInfo+CoreDataProperties.m */; settings = {ASSET_TAGS = (); }; };
		F9FEEA581BA265E700ED1D6C /* BGTeamDetails.m in Sources */ = {isa = PBXBuildFile; fileRef = F9FEEA551BA265E700ED1D6C /* BGTeamDetails.m */; settings = {ASSET_TAGS = (); }; };
		F9FEEA591BA265E700ED1D6C /* BGTeamDetails+CoreDataProperties.m in Sources */ = {isa = PBXBuildFile; fileRef = F9FEEA571BA265E700ED1D6C /* BGTeamDetails+CoreDataProperties.m */; settings = {ASSET_TAGS = (); }; };
		F9FEEA5E1BA265F600ED1D6C /* BGLeagueDetails.m in Sources */ = {isa = PBXBuildFile; fileRef = F9FEEA5B1BA265F600ED1D6C /* BGLeagueDetails.m */; settings = {ASSET_TAGS = (); }; };
		F9FEEA5F1BA265F600ED1D6C /* BGLeagueDetails+CoreDataProperties.m in Sources */ = {isa = PBXBuildFile; fileRef = F9FEEA5D1BA265F600ED1D6C /* BGLeagueDetails+CoreDataProperties.m */; settings = {ASSET_TAGS = (); }; };
		F9FEEA641BA265FD00ED1D6C /* BGLeagueInfo.m in Sources */ = {isa = PBXBuildFile; fileRef = F9FEEA611BA265FD00ED1D6C /* BGLeagueInfo.m */; settings = {ASSET_TAGS = (); }; };
		F9FEEA651BA265FD00ED1D6C /* BGLeagueInfo+CoreDataProperties.m in Sources */ = {isa = PBXBuildFile; fileRef = F9FEEA631BA265FD00ED1D6C /* BGLeagueInfo+CoreDataProperties.m */; settings = {ASSET_TAGS = (); }; };
		F9FEEA6A1BA2660900ED1D6C /* BGLeagueController.m in Sources */ = {isa = PBXBuildFile; fileRef = F9FEEA671BA2660900ED1D6C /* BGLeagueController.m */; settings = {ASSET_TAGS = (); }; };
		F9FEEA6B1BA2660900ED1D6C /* BGLeagueController+CoreDataProperties.m in Sources */ = {isa = PBXBuildFile; fileRef = F9FEEA691BA2660900ED1D6C /* BGLeagueController+CoreDataProperties.m */; settings = {ASSET_TAGS = (); }; };
		F9FEEA6F1BA2662100ED1D6C /* PlayerTableViewCell.m in Sources */ = {isa = PBXBuildFile; fileRef = F9FEEA6D1BA2662100ED1D6C /* PlayerTableViewCell.m */; settings = {ASSET_TAGS = (); }; };
		F9FEEA701BA2662100ED1D6C /* PlayerTableViewCell.xib in Resources */ = {isa = PBXBuildFile; fileRef = F9FEEA6E1BA2662100ED1D6C /* PlayerTableViewCell.xib */; settings = {ASSET_TAGS = (); }; };
		F9FEEA731BA2662900ED1D6C /* ViewController.m in Sources */ = {isa = PBXBuildFile; fileRef = F9FEEA721BA2662900ED1D6C /* ViewController.m */; settings = {ASSET_TAGS = (); }; };
		F9FEEA771BA2663A00ED1D6C /* CustomLeagueTableViewCell.m in Sources */ = {isa = PBXBuildFile; fileRef = F9FEEA751BA2663A00ED1D6C /* CustomLeagueTableViewCell.m */; settings = {ASSET_TAGS = (); }; };
		F9FEEA781BA2663A00ED1D6C /* CustomLeagueTableViewCell.xib in Resources */ = {isa = PBXBuildFile; fileRef = F9FEEA761BA2663A00ED1D6C /* CustomLeagueTableViewCell.xib */; settings = {ASSET_TAGS = (); }; };
		F9FEEA7C1BA2664000ED1D6C /* LeagueSelectionViewController.m in Sources */ = {isa = PBXBuildFile; fileRef = F9FEEA7A1BA2664000ED1D6C /* LeagueSelectionViewController.m */; settings = {ASSET_TAGS = (); }; };
		F9FEEA7D1BA2664000ED1D6C /* LeagueSelectionViewController.xib in Resources */ = {isa = PBXBuildFile; fileRef = F9FEEA7B1BA2664000ED1D6C /* LeagueSelectionViewController.xib */; settings = {ASSET_TAGS = (); }; };
		F9FEEA811BA2664700ED1D6C /* LeagueTableViewCell.m in Sources */ = {isa = PBXBuildFile; fileRef = F9FEEA7F1BA2664700ED1D6C /* LeagueTableViewCell.m */; settings = {ASSET_TAGS = (); }; };
		F9FEEA821BA2664700ED1D6C /* LeagueTableViewCell.xib in Resources */ = {isa = PBXBuildFile; fileRef = F9FEEA801BA2664700ED1D6C /* LeagueTableViewCell.xib */; settings = {ASSET_TAGS = (); }; };
/* End PBXBuildFile section */

/* Begin PBXContainerItemProxy section */
		F96329891B7E5E6500C63105 /* PBXContainerItemProxy */ = {
			isa = PBXContainerItemProxy;
			containerPortal = F96329671B7E5E6400C63105 /* Project object */;
			proxyType = 1;
			remoteGlobalIDString = F963296E1B7E5E6400C63105;
			remoteInfo = BaseballGame;
		};
		F96329941B7E5E6500C63105 /* PBXContainerItemProxy */ = {
			isa = PBXContainerItemProxy;
			containerPortal = F96329671B7E5E6400C63105 /* Project object */;
			proxyType = 1;
			remoteGlobalIDString = F963296E1B7E5E6400C63105;
			remoteInfo = BaseballGame;
		};
/* End PBXContainerItemProxy section */

/* Begin PBXFileReference section */
		3C75A9A78BC9A3887F1B8E3C /* Pods-BaseballGame.debug.xcconfig */ = {isa = PBXFileReference; includeInIndex = 1; lastKnownFileType = text.xcconfig; name = "Pods-BaseballGame.debug.xcconfig"; path = "Pods/Target Support Files/Pods-BaseballGame/Pods-BaseballGame.debug.xcconfig"; sourceTree = "<group>"; };
		6DD54B9FC1FC2732F66B3FBA /* Pods-BaseballGame.release.xcconfig */ = {isa = PBXFileReference; includeInIndex = 1; lastKnownFileType = text.xcconfig; name = "Pods-BaseballGame.release.xcconfig"; path = "Pods/Target Support Files/Pods-BaseballGame/Pods-BaseballGame.release.xcconfig"; sourceTree = "<group>"; };
		8DDAA9072C38CBCB66D0E1DB /* Pods_BaseballGame.framework */ = {isa = PBXFileReference; explicitFileType = wrapper.framework; includeInIndex = 0; path = Pods_BaseballGame.framework; sourceTree = BUILT_PRODUCTS_DIR; };
		F92CF6651B987B5C00BE0428 /* BGDataModel.xcdatamodel */ = {isa = PBXFileReference; lastKnownFileType = wrapper.xcdatamodel; path = BGDataModel.xcdatamodel; sourceTree = "<group>"; };
		F93553201B988CBE0097C98C /* CoreData.framework */ = {isa = PBXFileReference; lastKnownFileType = wrapper.framework; name = CoreData.framework; path = System/Library/Frameworks/CoreData.framework; sourceTree = SDKROOT; };
		F961A2A01B9C002E006A0F2C /* check.png */ = {isa = PBXFileReference; lastKnownFileType = image.png; name = check.png; path = Assets/check.png; sourceTree = "<group>"; };
		F963296F1B7E5E6400C63105 /* BaseballGame.app */ = {isa = PBXFileReference; explicitFileType = wrapper.application; includeInIndex = 0; path = BaseballGame.app; sourceTree = BUILT_PRODUCTS_DIR; };
		F96329731B7E5E6400C63105 /* main.m */ = {isa = PBXFileReference; lastKnownFileType = sourcecode.c.objc; path = main.m; sourceTree = "<group>"; };
		F96329751B7E5E6400C63105 /* AppDelegate.h */ = {isa = PBXFileReference; lastKnownFileType = sourcecode.c.h; path = AppDelegate.h; sourceTree = "<group>"; };
		F96329761B7E5E6400C63105 /* AppDelegate.m */ = {isa = PBXFileReference; lastKnownFileType = sourcecode.c.objc; path = AppDelegate.m; sourceTree = "<group>"; };
		F963297C1B7E5E6400C63105 /* Base */ = {isa = PBXFileReference; lastKnownFileType = file.storyboard; name = Base; path = Base.lproj/Main.storyboard; sourceTree = "<group>"; };
		F963297E1B7E5E6400C63105 /* Assets.xcassets */ = {isa = PBXFileReference; lastKnownFileType = folder.assetcatalog; path = Assets.xcassets; sourceTree = "<group>"; };
		F96329811B7E5E6400C63105 /* Base */ = {isa = PBXFileReference; lastKnownFileType = file.storyboard; name = Base; path = Base.lproj/LaunchScreen.storyboard; sourceTree = "<group>"; };
		F96329831B7E5E6400C63105 /* Info.plist */ = {isa = PBXFileReference; lastKnownFileType = text.plist.xml; path = Info.plist; sourceTree = "<group>"; };
		F96329881B7E5E6500C63105 /* BaseballGameTests.xctest */ = {isa = PBXFileReference; explicitFileType = wrapper.cfbundle; includeInIndex = 0; path = BaseballGameTests.xctest; sourceTree = BUILT_PRODUCTS_DIR; };
		F963298C1B7E5E6500C63105 /* BaseballGameTests.m */ = {isa = PBXFileReference; lastKnownFileType = sourcecode.c.objc; path = BaseballGameTests.m; sourceTree = "<group>"; };
		F963298E1B7E5E6500C63105 /* Info.plist */ = {isa = PBXFileReference; lastKnownFileType = text.plist.xml; path = Info.plist; sourceTree = "<group>"; };
		F96329931B7E5E6500C63105 /* BaseballGameUITests.xctest */ = {isa = PBXFileReference; explicitFileType = wrapper.cfbundle; includeInIndex = 0; path = BaseballGameUITests.xctest; sourceTree = BUILT_PRODUCTS_DIR; };
		F96329971B7E5E6500C63105 /* BaseballGameUITests.m */ = {isa = PBXFileReference; lastKnownFileType = sourcecode.c.objc; path = BaseballGameUITests.m; sourceTree = "<group>"; };
		F96329991B7E5E6500C63105 /* Info.plist */ = {isa = PBXFileReference; lastKnownFileType = text.plist.xml; path = Info.plist; sourceTree = "<group>"; };
		F96329E61B7EA12A00C63105 /* BaseballGame-Prefix.pch */ = {isa = PBXFileReference; lastKnownFileType = sourcecode.c.h; path = "BaseballGame-Prefix.pch"; sourceTree = "<group>"; };
		F972E8611B9CC3960043DDB1 /* select_empty.png */ = {isa = PBXFileReference; lastKnownFileType = image.png; name = select_empty.png; path = Assets/select_empty.png; sourceTree = "<group>"; };
		F9FEEA421BA265C500ED1D6C /* BGBatter.h */ = {isa = PBXFileReference; fileEncoding = 4; lastKnownFileType = sourcecode.c.h; name = BGBatter.h; path = Classes/BGBatter/BGBatter.h; sourceTree = "<group>"; };
		F9FEEA431BA265C500ED1D6C /* BGBatter.m */ = {isa = PBXFileReference; fileEncoding = 4; lastKnownFileType = sourcecode.c.objc; name = BGBatter.m; path = Classes/BGBatter/BGBatter.m; sourceTree = "<group>"; };
		F9FEEA441BA265C500ED1D6C /* BGBatter+CoreDataProperties.h */ = {isa = PBXFileReference; fileEncoding = 4; lastKnownFileType = sourcecode.c.h; name = "BGBatter+CoreDataProperties.h"; path = "Classes/BGBatter/BGBatter+CoreDataProperties.h"; sourceTree = "<group>"; };
		F9FEEA451BA265C500ED1D6C /* BGBatter+CoreDataProperties.m */ = {isa = PBXFileReference; fileEncoding = 4; lastKnownFileType = sourcecode.c.objc; name = "BGBatter+CoreDataProperties.m"; path = "Classes/BGBatter/BGBatter+CoreDataProperties.m"; sourceTree = "<group>"; };
		F9FEEA481BA265CE00ED1D6C /* BGPitcher.h */ = {isa = PBXFileReference; fileEncoding = 4; lastKnownFileType = sourcecode.c.h; name = BGPitcher.h; path = Classes/BGPitcher/BGPitcher.h; sourceTree = "<group>"; };
		F9FEEA491BA265CE00ED1D6C /* BGPitcher.m */ = {isa = PBXFileReference; fileEncoding = 4; lastKnownFileType = sourcecode.c.objc; name = BGPitcher.m; path = Classes/BGPitcher/BGPitcher.m; sourceTree = "<group>"; };
		F9FEEA4A1BA265CE00ED1D6C /* BGPitcher+CoreDataProperties.h */ = {isa = PBXFileReference; fileEncoding = 4; lastKnownFileType = sourcecode.c.h; name = "BGPitcher+CoreDataProperties.h"; path = "Classes/BGPitcher/BGPitcher+CoreDataProperties.h"; sourceTree = "<group>"; };
		F9FEEA4B1BA265CE00ED1D6C /* BGPitcher+CoreDataProperties.m */ = {isa = PBXFileReference; fileEncoding = 4; lastKnownFileType = sourcecode.c.objc; name = "BGPitcher+CoreDataProperties.m"; path = "Classes/BGPitcher/BGPitcher+CoreDataProperties.m"; sourceTree = "<group>"; };
		F9FEEA4E1BA265E000ED1D6C /* BGTeamInfo.h */ = {isa = PBXFileReference; fileEncoding = 4; lastKnownFileType = sourcecode.c.h; name = BGTeamInfo.h; path = Classes/BGTeam/BGTeamInfo/BGTeamInfo.h; sourceTree = "<group>"; };
		F9FEEA4F1BA265E000ED1D6C /* BGTeamInfo.m */ = {isa = PBXFileReference; fileEncoding = 4; lastKnownFileType = sourcecode.c.objc; name = BGTeamInfo.m; path = Classes/BGTeam/BGTeamInfo/BGTeamInfo.m; sourceTree = "<group>"; };
		F9FEEA501BA265E000ED1D6C /* BGTeamInfo+CoreDataProperties.h */ = {isa = PBXFileReference; fileEncoding = 4; lastKnownFileType = sourcecode.c.h; name = "BGTeamInfo+CoreDataProperties.h"; path = "Classes/BGTeam/BGTeamInfo/BGTeamInfo+CoreDataProperties.h"; sourceTree = "<group>"; };
		F9FEEA511BA265E000ED1D6C /* BGTeamInfo+CoreDataProperties.m */ = {isa = PBXFileReference; fileEncoding = 4; lastKnownFileType = sourcecode.c.objc; name = "BGTeamInfo+CoreDataProperties.m"; path = "Classes/BGTeam/BGTeamInfo/BGTeamInfo+CoreDataProperties.m"; sourceTree = "<group>"; };
		F9FEEA541BA265E700ED1D6C /* BGTeamDetails.h */ = {isa = PBXFileReference; fileEncoding = 4; lastKnownFileType = sourcecode.c.h; name = BGTeamDetails.h; path = Classes/BGTeam/BGTeamDetails/BGTeamDetails.h; sourceTree = "<group>"; };
		F9FEEA551BA265E700ED1D6C /* BGTeamDetails.m */ = {isa = PBXFileReference; fileEncoding = 4; lastKnownFileType = sourcecode.c.objc; name = BGTeamDetails.m; path = Classes/BGTeam/BGTeamDetails/BGTeamDetails.m; sourceTree = "<group>"; };
		F9FEEA561BA265E700ED1D6C /* BGTeamDetails+CoreDataProperties.h */ = {isa = PBXFileReference; fileEncoding = 4; lastKnownFileType = sourcecode.c.h; name = "BGTeamDetails+CoreDataProperties.h"; path = "Classes/BGTeam/BGTeamDetails/BGTeamDetails+CoreDataProperties.h"; sourceTree = "<group>"; };
		F9FEEA571BA265E700ED1D6C /* BGTeamDetails+CoreDataProperties.m */ = {isa = PBXFileReference; fileEncoding = 4; lastKnownFileType = sourcecode.c.objc; name = "BGTeamDetails+CoreDataProperties.m"; path = "Classes/BGTeam/BGTeamDetails/BGTeamDetails+CoreDataProperties.m"; sourceTree = "<group>"; };
		F9FEEA5A1BA265F600ED1D6C /* BGLeagueDetails.h */ = {isa = PBXFileReference; fileEncoding = 4; lastKnownFileType = sourcecode.c.h; name = BGLeagueDetails.h; path = Classes/BGLeague/BGLeagueDetails/BGLeagueDetails.h; sourceTree = "<group>"; };
		F9FEEA5B1BA265F600ED1D6C /* BGLeagueDetails.m */ = {isa = PBXFileReference; fileEncoding = 4; lastKnownFileType = sourcecode.c.objc; name = BGLeagueDetails.m; path = Classes/BGLeague/BGLeagueDetails/BGLeagueDetails.m; sourceTree = "<group>"; };
		F9FEEA5C1BA265F600ED1D6C /* BGLeagueDetails+CoreDataProperties.h */ = {isa = PBXFileReference; fileEncoding = 4; lastKnownFileType = sourcecode.c.h; name = "BGLeagueDetails+CoreDataProperties.h"; path = "Classes/BGLeague/BGLeagueDetails/BGLeagueDetails+CoreDataProperties.h"; sourceTree = "<group>"; };
		F9FEEA5D1BA265F600ED1D6C /* BGLeagueDetails+CoreDataProperties.m */ = {isa = PBXFileReference; fileEncoding = 4; lastKnownFileType = sourcecode.c.objc; name = "BGLeagueDetails+CoreDataProperties.m"; path = "Classes/BGLeague/BGLeagueDetails/BGLeagueDetails+CoreDataProperties.m"; sourceTree = "<group>"; };
		F9FEEA601BA265FD00ED1D6C /* BGLeagueInfo.h */ = {isa = PBXFileReference; fileEncoding = 4; lastKnownFileType = sourcecode.c.h; name = BGLeagueInfo.h; path = Classes/BGLeague/BGLeagueInfo/BGLeagueInfo.h; sourceTree = "<group>"; };
		F9FEEA611BA265FD00ED1D6C /* BGLeagueInfo.m */ = {isa = PBXFileReference; fileEncoding = 4; lastKnownFileType = sourcecode.c.objc; name = BGLeagueInfo.m; path = Classes/BGLeague/BGLeagueInfo/BGLeagueInfo.m; sourceTree = "<group>"; };
		F9FEEA621BA265FD00ED1D6C /* BGLeagueInfo+CoreDataProperties.h */ = {isa = PBXFileReference; fileEncoding = 4; lastKnownFileType = sourcecode.c.h; name = "BGLeagueInfo+CoreDataProperties.h"; path = "Classes/BGLeague/BGLeagueInfo/BGLeagueInfo+CoreDataProperties.h"; sourceTree = "<group>"; };
		F9FEEA631BA265FD00ED1D6C /* BGLeagueInfo+CoreDataProperties.m */ = {isa = PBXFileReference; fileEncoding = 4; lastKnownFileType = sourcecode.c.objc; name = "BGLeagueInfo+CoreDataProperties.m"; path = "Classes/BGLeague/BGLeagueInfo/BGLeagueInfo+CoreDataProperties.m"; sourceTree = "<group>"; };
		F9FEEA661BA2660900ED1D6C /* BGLeagueController.h */ = {isa = PBXFileReference; fileEncoding = 4; lastKnownFileType = sourcecode.c.h; name = BGLeagueController.h; path = Classes/BGLeagueController/BGLeagueController.h; sourceTree = "<group>"; };
		F9FEEA671BA2660900ED1D6C /* BGLeagueController.m */ = {isa = PBXFileReference; fileEncoding = 4; lastKnownFileType = sourcecode.c.objc; name = BGLeagueController.m; path = Classes/BGLeagueController/BGLeagueController.m; sourceTree = "<group>"; };
		F9FEEA681BA2660900ED1D6C /* BGLeagueController+CoreDataProperties.h */ = {isa = PBXFileReference; fileEncoding = 4; lastKnownFileType = sourcecode.c.h; name = "BGLeagueController+CoreDataProperties.h"; path = "Classes/BGLeagueController/BGLeagueController+CoreDataProperties.h"; sourceTree = "<group>"; };
		F9FEEA691BA2660900ED1D6C /* BGLeagueController+CoreDataProperties.m */ = {isa = PBXFileReference; fileEncoding = 4; lastKnownFileType = sourcecode.c.objc; name = "BGLeagueController+CoreDataProperties.m"; path = "Classes/BGLeagueController/BGLeagueController+CoreDataProperties.m"; sourceTree = "<group>"; };
		F9FEEA6C1BA2662100ED1D6C /* PlayerTableViewCell.h */ = {isa = PBXFileReference; fileEncoding = 4; lastKnownFileType = sourcecode.c.h; name = PlayerTableViewCell.h; path = "View Controllers/Main/Player cell/PlayerTableViewCell.h"; sourceTree = "<group>"; };
		F9FEEA6D1BA2662100ED1D6C /* PlayerTableViewCell.m */ = {isa = PBXFileReference; fileEncoding = 4; lastKnownFileType = sourcecode.c.objc; name = PlayerTableViewCell.m; path = "View Controllers/Main/Player cell/PlayerTableViewCell.m"; sourceTree = "<group>"; };
		F9FEEA6E1BA2662100ED1D6C /* PlayerTableViewCell.xib */ = {isa = PBXFileReference; fileEncoding = 4; lastKnownFileType = file.xib; name = PlayerTableViewCell.xib; path = "View Controllers/Main/Player cell/PlayerTableViewCell.xib"; sourceTree = "<group>"; };
		F9FEEA711BA2662900ED1D6C /* ViewController.h */ = {isa = PBXFileReference; fileEncoding = 4; lastKnownFileType = sourcecode.c.h; name = ViewController.h; path = "View Controllers/Main/ViewController.h"; sourceTree = "<group>"; };
		F9FEEA721BA2662900ED1D6C /* ViewController.m */ = {isa = PBXFileReference; fileEncoding = 4; lastKnownFileType = sourcecode.c.objc; name = ViewController.m; path = "View Controllers/Main/ViewController.m"; sourceTree = "<group>"; };
		F9FEEA741BA2663A00ED1D6C /* CustomLeagueTableViewCell.h */ = {isa = PBXFileReference; fileEncoding = 4; lastKnownFileType = sourcecode.c.h; name = CustomLeagueTableViewCell.h; path = "View Controllers/League selection/Custom league cell/CustomLeagueTableViewCell.h"; sourceTree = "<group>"; };
		F9FEEA751BA2663A00ED1D6C /* CustomLeagueTableViewCell.m */ = {isa = PBXFileReference; fileEncoding = 4; lastKnownFileType = sourcecode.c.objc; name = CustomLeagueTableViewCell.m; path = "View Controllers/League selection/Custom league cell/CustomLeagueTableViewCell.m"; sourceTree = "<group>"; };
		F9FEEA761BA2663A00ED1D6C /* CustomLeagueTableViewCell.xib */ = {isa = PBXFileReference; fileEncoding = 4; lastKnownFileType = file.xib; name = CustomLeagueTableViewCell.xib; path = "View Controllers/League selection/Custom league cell/CustomLeagueTableViewCell.xib"; sourceTree = "<group>"; };
		F9FEEA791BA2664000ED1D6C /* LeagueSelectionViewController.h */ = {isa = PBXFileReference; fileEncoding = 4; lastKnownFileType = sourcecode.c.h; name = LeagueSelectionViewController.h; path = "View Controllers/League selection/LeagueSelectionViewController.h"; sourceTree = "<group>"; };
		F9FEEA7A1BA2664000ED1D6C /* LeagueSelectionViewController.m */ = {isa = PBXFileReference; fileEncoding = 4; lastKnownFileType = sourcecode.c.objc; name = LeagueSelectionViewController.m; path = "View Controllers/League selection/LeagueSelectionViewController.m"; sourceTree = "<group>"; };
		F9FEEA7B1BA2664000ED1D6C /* LeagueSelectionViewController.xib */ = {isa = PBXFileReference; fileEncoding = 4; lastKnownFileType = file.xib; name = LeagueSelectionViewController.xib; path = "View Controllers/League selection/LeagueSelectionViewController.xib"; sourceTree = "<group>"; };
		F9FEEA7E1BA2664700ED1D6C /* LeagueTableViewCell.h */ = {isa = PBXFileReference; fileEncoding = 4; lastKnownFileType = sourcecode.c.h; name = LeagueTableViewCell.h; path = "View Controllers/League selection/Year league cell/LeagueTableViewCell.h"; sourceTree = "<group>"; };
		F9FEEA7F1BA2664700ED1D6C /* LeagueTableViewCell.m */ = {isa = PBXFileReference; fileEncoding = 4; lastKnownFileType = sourcecode.c.objc; name = LeagueTableViewCell.m; path = "View Controllers/League selection/Year league cell/LeagueTableViewCell.m"; sourceTree = "<group>"; };
		F9FEEA801BA2664700ED1D6C /* LeagueTableViewCell.xib */ = {isa = PBXFileReference; fileEncoding = 4; lastKnownFileType = file.xib; name = LeagueTableViewCell.xib; path = "View Controllers/League selection/Year league cell/LeagueTableViewCell.xib"; sourceTree = "<group>"; };
/* End PBXFileReference section */

/* Begin PBXFrameworksBuildPhase section */
		F963296C1B7E5E6400C63105 /* Frameworks */ = {
			isa = PBXFrameworksBuildPhase;
			buildActionMask = 2147483647;
			files = (
				F93553211B988CBE0097C98C /* CoreData.framework in Frameworks */,
				929AD73FB7FD75554EAD8650 /* Pods_BaseballGame.framework in Frameworks */,
			);
			runOnlyForDeploymentPostprocessing = 0;
		};
		F96329851B7E5E6500C63105 /* Frameworks */ = {
			isa = PBXFrameworksBuildPhase;
			buildActionMask = 2147483647;
			files = (
			);
			runOnlyForDeploymentPostprocessing = 0;
		};
		F96329901B7E5E6500C63105 /* Frameworks */ = {
			isa = PBXFrameworksBuildPhase;
			buildActionMask = 2147483647;
			files = (
			);
			runOnlyForDeploymentPostprocessing = 0;
		};
/* End PBXFrameworksBuildPhase section */

/* Begin PBXGroup section */
		872D8ABFA4C7FF6C4FC21302 /* Pods */ = {
			isa = PBXGroup;
			children = (
				3C75A9A78BC9A3887F1B8E3C /* Pods-BaseballGame.debug.xcconfig */,
				6DD54B9FC1FC2732F66B3FBA /* Pods-BaseballGame.release.xcconfig */,
			);
			name = Pods;
			sourceTree = "<group>";
		};
		F92CF6921B9884C400BE0428 /* BGLeagueInfo */ = {
			isa = PBXGroup;
			children = (
				F9FEEA601BA265FD00ED1D6C /* BGLeagueInfo.h */,
				F9FEEA611BA265FD00ED1D6C /* BGLeagueInfo.m */,
				F9FEEA621BA265FD00ED1D6C /* BGLeagueInfo+CoreDataProperties.h */,
				F9FEEA631BA265FD00ED1D6C /* BGLeagueInfo+CoreDataProperties.m */,
			);
			name = BGLeagueInfo;
			sourceTree = "<group>";
		};
		F92CF6931B9884D100BE0428 /* BGBatter */ = {
			isa = PBXGroup;
			children = (
				F9FEEA421BA265C500ED1D6C /* BGBatter.h */,
				F9FEEA431BA265C500ED1D6C /* BGBatter.m */,
				F9FEEA441BA265C500ED1D6C /* BGBatter+CoreDataProperties.h */,
				F9FEEA451BA265C500ED1D6C /* BGBatter+CoreDataProperties.m */,
			);
			name = BGBatter;
			sourceTree = "<group>";
		};
		F92CF6941B98851100BE0428 /* BGLeagueController */ = {
			isa = PBXGroup;
			children = (
				F9FEEA661BA2660900ED1D6C /* BGLeagueController.h */,
				F9FEEA671BA2660900ED1D6C /* BGLeagueController.m */,
				F9FEEA681BA2660900ED1D6C /* BGLeagueController+CoreDataProperties.h */,
				F9FEEA691BA2660900ED1D6C /* BGLeagueController+CoreDataProperties.m */,
			);
			name = BGLeagueController;
			sourceTree = "<group>";
		};
		F92CF6951B98852800BE0428 /* BGTeamInfo */ = {
			isa = PBXGroup;
			children = (
				F9FEEA4E1BA265E000ED1D6C /* BGTeamInfo.h */,
				F9FEEA4F1BA265E000ED1D6C /* BGTeamInfo.m */,
				F9FEEA501BA265E000ED1D6C /* BGTeamInfo+CoreDataProperties.h */,
				F9FEEA511BA265E000ED1D6C /* BGTeamInfo+CoreDataProperties.m */,
			);
			name = BGTeamInfo;
			sourceTree = "<group>";
		};
		F92CF6961B98853500BE0428 /* BGTeamDetails */ = {
			isa = PBXGroup;
			children = (
				F9FEEA541BA265E700ED1D6C /* BGTeamDetails.h */,
				F9FEEA551BA265E700ED1D6C /* BGTeamDetails.m */,
				F9FEEA561BA265E700ED1D6C /* BGTeamDetails+CoreDataProperties.h */,
				F9FEEA571BA265E700ED1D6C /* BGTeamDetails+CoreDataProperties.m */,
			);
			name = BGTeamDetails;
			sourceTree = "<group>";
		};
		F92CF6971B98854B00BE0428 /* BGPitcher */ = {
			isa = PBXGroup;
			children = (
				F9FEEA481BA265CE00ED1D6C /* BGPitcher.h */,
				F9FEEA491BA265CE00ED1D6C /* BGPitcher.m */,
				F9FEEA4A1BA265CE00ED1D6C /* BGPitcher+CoreDataProperties.h */,
				F9FEEA4B1BA265CE00ED1D6C /* BGPitcher+CoreDataProperties.m */,
			);
			name = BGPitcher;
			sourceTree = "<group>";
		};
		F92CF6991B98865600BE0428 /* BGLeagueDetails */ = {
			isa = PBXGroup;
			children = (
				F9FEEA5A1BA265F600ED1D6C /* BGLeagueDetails.h */,
				F9FEEA5B1BA265F600ED1D6C /* BGLeagueDetails.m */,
				F9FEEA5C1BA265F600ED1D6C /* BGLeagueDetails+CoreDataProperties.h */,
				F9FEEA5D1BA265F600ED1D6C /* BGLeagueDetails+CoreDataProperties.m */,
			);
			name = BGLeagueDetails;
			sourceTree = "<group>";
		};
		F934D5BF1B9CE37900FEAEC5 /* Player cell */ = {
			isa = PBXGroup;
			children = (
				F9FEEA6C1BA2662100ED1D6C /* PlayerTableViewCell.h */,
				F9FEEA6D1BA2662100ED1D6C /* PlayerTableViewCell.m */,
				F9FEEA6E1BA2662100ED1D6C /* PlayerTableViewCell.xib */,
			);
			name = "Player cell";
			sourceTree = "<group>";
		};
		F961A2A21B9C0033006A0F2C /* Assets */ = {
			isa = PBXGroup;
			children = (
				F972E8611B9CC3960043DDB1 /* select_empty.png */,
				F961A2A01B9C002E006A0F2C /* check.png */,
			);
			name = Assets;
			sourceTree = "<group>";
		};
		F962FEE01B98A2CD0037DC77 /* BGTeam */ = {
			isa = PBXGroup;
			children = (
				F92CF6951B98852800BE0428 /* BGTeamInfo */,
				F92CF6961B98853500BE0428 /* BGTeamDetails */,
			);
			name = BGTeam;
			sourceTree = "<group>";
		};
		F962FEE11B98A2DD0037DC77 /* BGLeague */ = {
			isa = PBXGroup;
			children = (
				F92CF6921B9884C400BE0428 /* BGLeagueInfo */,
				F92CF6991B98865600BE0428 /* BGLeagueDetails */,
			);
			name = BGLeague;
			sourceTree = "<group>";
		};
		F96329661B7E5E6400C63105 = {
			isa = PBXGroup;
			children = (
				F96329711B7E5E6400C63105 /* BaseballGame */,
				F963298B1B7E5E6500C63105 /* BaseballGameTests */,
				F96329961B7E5E6500C63105 /* BaseballGameUITests */,
				F96329701B7E5E6400C63105 /* Products */,
				F96329CB1B7E9E9A00C63105 /* Frameworks */,
				872D8ABFA4C7FF6C4FC21302 /* Pods */,
			);
			sourceTree = "<group>";
		};
		F96329701B7E5E6400C63105 /* Products */ = {
			isa = PBXGroup;
			children = (
				F963296F1B7E5E6400C63105 /* BaseballGame.app */,
				F96329881B7E5E6500C63105 /* BaseballGameTests.xctest */,
				F96329931B7E5E6500C63105 /* BaseballGameUITests.xctest */,
			);
			name = Products;
			sourceTree = "<group>";
		};
		F96329711B7E5E6400C63105 /* BaseballGame */ = {
			isa = PBXGroup;
			children = (
				F96329751B7E5E6400C63105 /* AppDelegate.h */,
				F96329761B7E5E6400C63105 /* AppDelegate.m */,
				F96329E51B7E9EE400C63105 /* Classes */,
				F993A7F31B9B80DB00CB1A5B /* View Controlllers */,
				F963297B1B7E5E6400C63105 /* Main.storyboard */,
				F92CF6641B987B5C00BE0428 /* BGDataModel.xcdatamodeld */,
				F961A2A21B9C0033006A0F2C /* Assets */,
				F963297E1B7E5E6400C63105 /* Assets.xcassets */,
				F96329801B7E5E6400C63105 /* LaunchScreen.storyboard */,
				F96329831B7E5E6400C63105 /* Info.plist */,
				F96329721B7E5E6400C63105 /* Supporting Files */,
			);
			path = BaseballGame;
			sourceTree = "<group>";
		};
		F96329721B7E5E6400C63105 /* Supporting Files */ = {
			isa = PBXGroup;
			children = (
				F96329E61B7EA12A00C63105 /* BaseballGame-Prefix.pch */,
				F96329731B7E5E6400C63105 /* main.m */,
			);
			name = "Supporting Files";
			sourceTree = "<group>";
		};
		F963298B1B7E5E6500C63105 /* BaseballGameTests */ = {
			isa = PBXGroup;
			children = (
				F963298C1B7E5E6500C63105 /* BaseballGameTests.m */,
				F963298E1B7E5E6500C63105 /* Info.plist */,
			);
			path = BaseballGameTests;
			sourceTree = "<group>";
		};
		F96329961B7E5E6500C63105 /* BaseballGameUITests */ = {
			isa = PBXGroup;
			children = (
				F96329971B7E5E6500C63105 /* BaseballGameUITests.m */,
				F96329991B7E5E6500C63105 /* Info.plist */,
			);
			path = BaseballGameUITests;
			sourceTree = "<group>";
		};
		F96329CB1B7E9E9A00C63105 /* Frameworks */ = {
			isa = PBXGroup;
			children = (
				F93553201B988CBE0097C98C /* CoreData.framework */,
				8DDAA9072C38CBCB66D0E1DB /* Pods_BaseballGame.framework */,
			);
			name = Frameworks;
			sourceTree = "<group>";
		};
		F96329E51B7E9EE400C63105 /* Classes */ = {
			isa = PBXGroup;
			children = (
				F92CF6931B9884D100BE0428 /* BGBatter */,
				F92CF6971B98854B00BE0428 /* BGPitcher */,
				F962FEE01B98A2CD0037DC77 /* BGTeam */,
				F962FEE11B98A2DD0037DC77 /* BGLeague */,
				F92CF6941B98851100BE0428 /* BGLeagueController */,
			);
			name = Classes;
			sourceTree = "<group>";
		};
		F972E8601B9C9A2D0043DDB1 /* Year league cell */ = {
			isa = PBXGroup;
			children = (
				F9FEEA7E1BA2664700ED1D6C /* LeagueTableViewCell.h */,
				F9FEEA7F1BA2664700ED1D6C /* LeagueTableViewCell.m */,
				F9FEEA801BA2664700ED1D6C /* LeagueTableViewCell.xib */,
			);
			name = "Year league cell";
			sourceTree = "<group>";
		};
		F993A7F11B9B80B900CB1A5B /* LeagueSelection */ = {
			isa = PBXGroup;
			children = (
				F9FEEA791BA2664000ED1D6C /* LeagueSelectionViewController.h */,
				F9FEEA7A1BA2664000ED1D6C /* LeagueSelectionViewController.m */,
				F9FEEA7B1BA2664000ED1D6C /* LeagueSelectionViewController.xib */,
				F9FEEA411BA2648600ED1D6C /* Custom league cell */,
				F972E8601B9C9A2D0043DDB1 /* Year league cell */,
			);
			name = LeagueSelection;
			sourceTree = "<group>";
		};
		F993A7F21B9B80C800CB1A5B /* Main */ = {
			isa = PBXGroup;
			children = (
				F9FEEA711BA2662900ED1D6C /* ViewController.h */,
				F9FEEA721BA2662900ED1D6C /* ViewController.m */,
				F934D5BF1B9CE37900FEAEC5 /* Player cell */,
			);
			name = Main;
			sourceTree = "<group>";
		};
		F993A7F31B9B80DB00CB1A5B /* View Controlllers */ = {
			isa = PBXGroup;
			children = (
				F993A7F21B9B80C800CB1A5B /* Main */,
				F993A7F11B9B80B900CB1A5B /* LeagueSelection */,
			);
			name = "View Controlllers";
			sourceTree = "<group>";
		};
		F9FEEA411BA2648600ED1D6C /* Custom league cell */ = {
			isa = PBXGroup;
			children = (
				F9FEEA741BA2663A00ED1D6C /* CustomLeagueTableViewCell.h */,
				F9FEEA751BA2663A00ED1D6C /* CustomLeagueTableViewCell.m */,
				F9FEEA761BA2663A00ED1D6C /* CustomLeagueTableViewCell.xib */,
			);
			name = "Custom league cell";
			sourceTree = "<group>";
		};
/* End PBXGroup section */

/* Begin PBXNativeTarget section */
		F963296E1B7E5E6400C63105 /* BaseballGame */ = {
			isa = PBXNativeTarget;
			buildConfigurationList = F963299C1B7E5E6500C63105 /* Build configuration list for PBXNativeTarget "BaseballGame" */;
			buildPhases = (
				0068FF7E794B779B4D56526B /* Check Pods Manifest.lock */,
				F963296B1B7E5E6400C63105 /* Sources */,
				F963296C1B7E5E6400C63105 /* Frameworks */,
				F963296D1B7E5E6400C63105 /* Resources */,
				F7FEC5CF78F3B3A9D02D8CAD /* Copy Pods Resources */,
				3DCC91611974078196EC9CD5 /* Embed Pods Frameworks */,
			);
			buildRules = (
			);
			dependencies = (
			);
			name = BaseballGame;
			productName = BaseballGame;
			productReference = F963296F1B7E5E6400C63105 /* BaseballGame.app */;
			productType = "com.apple.product-type.application";
		};
		F96329871B7E5E6500C63105 /* BaseballGameTests */ = {
			isa = PBXNativeTarget;
			buildConfigurationList = F963299F1B7E5E6500C63105 /* Build configuration list for PBXNativeTarget "BaseballGameTests" */;
			buildPhases = (
				F96329841B7E5E6500C63105 /* Sources */,
				F96329851B7E5E6500C63105 /* Frameworks */,
				F96329861B7E5E6500C63105 /* Resources */,
			);
			buildRules = (
			);
			dependencies = (
				F963298A1B7E5E6500C63105 /* PBXTargetDependency */,
			);
			name = BaseballGameTests;
			productName = BaseballGameTests;
			productReference = F96329881B7E5E6500C63105 /* BaseballGameTests.xctest */;
			productType = "com.apple.product-type.bundle.unit-test";
		};
		F96329921B7E5E6500C63105 /* BaseballGameUITests */ = {
			isa = PBXNativeTarget;
			buildConfigurationList = F96329A21B7E5E6500C63105 /* Build configuration list for PBXNativeTarget "BaseballGameUITests" */;
			buildPhases = (
				F963298F1B7E5E6500C63105 /* Sources */,
				F96329901B7E5E6500C63105 /* Frameworks */,
				F96329911B7E5E6500C63105 /* Resources */,
			);
			buildRules = (
			);
			dependencies = (
				F96329951B7E5E6500C63105 /* PBXTargetDependency */,
			);
			name = BaseballGameUITests;
			productName = BaseballGameUITests;
			productReference = F96329931B7E5E6500C63105 /* BaseballGameUITests.xctest */;
			productType = "com.apple.product-type.bundle.ui-testing";
		};
/* End PBXNativeTarget section */

/* Begin PBXProject section */
		F96329671B7E5E6400C63105 /* Project object */ = {
			isa = PBXProject;
			attributes = {
				LastUpgradeCheck = 0700;
				ORGANIZATIONNAME = CD;
				TargetAttributes = {
					F963296E1B7E5E6400C63105 = {
						CreatedOnToolsVersion = 7.0;
						DevelopmentTeam = AE4TCQ8Z49;
					};
					F96329871B7E5E6500C63105 = {
						CreatedOnToolsVersion = 7.0;
						TestTargetID = F963296E1B7E5E6400C63105;
					};
					F96329921B7E5E6500C63105 = {
						CreatedOnToolsVersion = 7.0;
						TestTargetID = F963296E1B7E5E6400C63105;
					};
				};
			};
			buildConfigurationList = F963296A1B7E5E6400C63105 /* Build configuration list for PBXProject "BaseballGame" */;
			compatibilityVersion = "Xcode 3.2";
			developmentRegion = English;
			hasScannedForEncodings = 0;
			knownRegions = (
				en,
				Base,
			);
			mainGroup = F96329661B7E5E6400C63105;
			productRefGroup = F96329701B7E5E6400C63105 /* Products */;
			projectDirPath = "";
			projectRoot = "";
			targets = (
				F963296E1B7E5E6400C63105 /* BaseballGame */,
				F96329871B7E5E6500C63105 /* BaseballGameTests */,
				F96329921B7E5E6500C63105 /* BaseballGameUITests */,
			);
		};
/* End PBXProject section */

/* Begin PBXResourcesBuildPhase section */
		F963296D1B7E5E6400C63105 /* Resources */ = {
			isa = PBXResourcesBuildPhase;
			buildActionMask = 2147483647;
			files = (
				F96329821B7E5E6400C63105 /* LaunchScreen.storyboard in Resources */,
				F9FEEA821BA2664700ED1D6C /* LeagueTableViewCell.xib in Resources */,
				F9FEEA7D1BA2664000ED1D6C /* LeagueSelectionViewController.xib in Resources */,
				F9FEEA701BA2662100ED1D6C /* PlayerTableViewCell.xib in Resources */,
				F9FEEA781BA2663A00ED1D6C /* CustomLeagueTableViewCell.xib in Resources */,
				F961A2A11B9C002E006A0F2C /* check.png in Resources */,
				F963297F1B7E5E6400C63105 /* Assets.xcassets in Resources */,
				F972E8621B9CC3960043DDB1 /* select_empty.png in Resources */,
				F963297D1B7E5E6400C63105 /* Main.storyboard in Resources */,
			);
			runOnlyForDeploymentPostprocessing = 0;
		};
		F96329861B7E5E6500C63105 /* Resources */ = {
			isa = PBXResourcesBuildPhase;
			buildActionMask = 2147483647;
			files = (
			);
			runOnlyForDeploymentPostprocessing = 0;
		};
		F96329911B7E5E6500C63105 /* Resources */ = {
			isa = PBXResourcesBuildPhase;
			buildActionMask = 2147483647;
			files = (
			);
			runOnlyForDeploymentPostprocessing = 0;
		};
/* End PBXResourcesBuildPhase section */

/* Begin PBXShellScriptBuildPhase section */
		0068FF7E794B779B4D56526B /* Check Pods Manifest.lock */ = {
			isa = PBXShellScriptBuildPhase;
			buildActionMask = 2147483647;
			files = (
			);
			inputPaths = (
			);
			name = "Check Pods Manifest.lock";
			outputPaths = (
			);
			runOnlyForDeploymentPostprocessing = 0;
			shellPath = /bin/sh;
			shellScript = "diff \"${PODS_ROOT}/../Podfile.lock\" \"${PODS_ROOT}/Manifest.lock\" > /dev/null\nif [[ $? != 0 ]] ; then\n    cat << EOM\nerror: The sandbox is not in sync with the Podfile.lock. Run 'pod install' or update your CocoaPods installation.\nEOM\n    exit 1\nfi\n";
			showEnvVarsInLog = 0;
		};
		3DCC91611974078196EC9CD5 /* Embed Pods Frameworks */ = {
			isa = PBXShellScriptBuildPhase;
			buildActionMask = 2147483647;
			files = (
			);
			inputPaths = (
			);
			name = "Embed Pods Frameworks";
			outputPaths = (
			);
			runOnlyForDeploymentPostprocessing = 0;
			shellPath = /bin/sh;
			shellScript = "\"${SRCROOT}/Pods/Target Support Files/Pods-BaseballGame/Pods-BaseballGame-frameworks.sh\"\n";
			showEnvVarsInLog = 0;
		};
		F7FEC5CF78F3B3A9D02D8CAD /* Copy Pods Resources */ = {
			isa = PBXShellScriptBuildPhase;
			buildActionMask = 2147483647;
			files = (
			);
			inputPaths = (
			);
			name = "Copy Pods Resources";
			outputPaths = (
			);
			runOnlyForDeploymentPostprocessing = 0;
			shellPath = /bin/sh;
			shellScript = "\"${SRCROOT}/Pods/Target Support Files/Pods-BaseballGame/Pods-BaseballGame-resources.sh\"\n";
			showEnvVarsInLog = 0;
		};
/* End PBXShellScriptBuildPhase section */

/* Begin PBXSourcesBuildPhase section */
		F963296B1B7E5E6400C63105 /* Sources */ = {
			isa = PBXSourcesBuildPhase;
			buildActionMask = 2147483647;
			files = (
				F9FEEA521BA265E000ED1D6C /* BGTeamInfo.m in Sources */,
				F96329771B7E5E6400C63105 /* AppDelegate.m in Sources */,
				F9FEEA6B1BA2660900ED1D6C /* BGLeagueController+CoreDataProperties.m in Sources */,
				F9FEEA651BA265FD00ED1D6C /* BGLeagueInfo+CoreDataProperties.m in Sources */,
				F9FEEA7C1BA2664000ED1D6C /* LeagueSelectionViewController.m in Sources */,
				F9FEEA641BA265FD00ED1D6C /* BGLeagueInfo.m in Sources */,
				F96329741B7E5E6400C63105 /* main.m in Sources */,
				F9FEEA531BA265E000ED1D6C /* BGTeamInfo+CoreDataProperties.m in Sources */,
				F9FEEA811BA2664700ED1D6C /* LeagueTableViewCell.m in Sources */,
				F9FEEA6F1BA2662100ED1D6C /* PlayerTableViewCell.m in Sources */,
				F9FEEA581BA265E700ED1D6C /* BGTeamDetails.m in Sources */,
				F92CF6661B987B5C00BE0428 /* BGDataModel.xcdatamodeld in Sources */,
				F9FEEA5F1BA265F600ED1D6C /* BGLeagueDetails+CoreDataProperties.m in Sources */,
				F9FEEA471BA265C500ED1D6C /* BGBatter+CoreDataProperties.m in Sources */,
				F9FEEA4D1BA265CE00ED1D6C /* BGPitcher+CoreDataProperties.m in Sources */,
				F9FEEA461BA265C500ED1D6C /* BGBatter.m in Sources */,
				F9FEEA5E1BA265F600ED1D6C /* BGLeagueDetails.m in Sources */,
				F9FEEA731BA2662900ED1D6C /* ViewController.m in Sources */,
				F9FEEA771BA2663A00ED1D6C /* CustomLeagueTableViewCell.m in Sources */,
				F9FEEA6A1BA2660900ED1D6C /* BGLeagueController.m in Sources */,
				F9FEEA591BA265E700ED1D6C /* BGTeamDetails+CoreDataProperties.m in Sources */,
				F9FEEA4C1BA265CE00ED1D6C /* BGPitcher.m in Sources */,
			);
			runOnlyForDeploymentPostprocessing = 0;
		};
		F96329841B7E5E6500C63105 /* Sources */ = {
			isa = PBXSourcesBuildPhase;
			buildActionMask = 2147483647;
			files = (
				F963298D1B7E5E6500C63105 /* BaseballGameTests.m in Sources */,
			);
			runOnlyForDeploymentPostprocessing = 0;
		};
		F963298F1B7E5E6500C63105 /* Sources */ = {
			isa = PBXSourcesBuildPhase;
			buildActionMask = 2147483647;
			files = (
				F96329981B7E5E6500C63105 /* BaseballGameUITests.m in Sources */,
			);
			runOnlyForDeploymentPostprocessing = 0;
		};
/* End PBXSourcesBuildPhase section */

/* Begin PBXTargetDependency section */
		F963298A1B7E5E6500C63105 /* PBXTargetDependency */ = {
			isa = PBXTargetDependency;
			target = F963296E1B7E5E6400C63105 /* BaseballGame */;
			targetProxy = F96329891B7E5E6500C63105 /* PBXContainerItemProxy */;
		};
		F96329951B7E5E6500C63105 /* PBXTargetDependency */ = {
			isa = PBXTargetDependency;
			target = F963296E1B7E5E6400C63105 /* BaseballGame */;
			targetProxy = F96329941B7E5E6500C63105 /* PBXContainerItemProxy */;
		};
/* End PBXTargetDependency section */

/* Begin PBXVariantGroup section */
		F963297B1B7E5E6400C63105 /* Main.storyboard */ = {
			isa = PBXVariantGroup;
			children = (
				F963297C1B7E5E6400C63105 /* Base */,
			);
			name = Main.storyboard;
			sourceTree = "<group>";
		};
		F96329801B7E5E6400C63105 /* LaunchScreen.storyboard */ = {
			isa = PBXVariantGroup;
			children = (
				F96329811B7E5E6400C63105 /* Base */,
			);
			name = LaunchScreen.storyboard;
			sourceTree = "<group>";
		};
/* End PBXVariantGroup section */

/* Begin XCBuildConfiguration section */
		F963299A1B7E5E6500C63105 /* Debug */ = {
			isa = XCBuildConfiguration;
			buildSettings = {
				ALWAYS_SEARCH_USER_PATHS = NO;
				ARCHS = "$(ARCHS_STANDARD)";
				CLANG_CXX_LANGUAGE_STANDARD = "gnu++0x";
				CLANG_CXX_LIBRARY = "libc++";
				CLANG_ENABLE_MODULES = YES;
				CLANG_ENABLE_OBJC_ARC = YES;
				CLANG_WARN_BOOL_CONVERSION = YES;
				CLANG_WARN_CONSTANT_CONVERSION = YES;
				CLANG_WARN_DIRECT_OBJC_ISA_USAGE = YES_ERROR;
				CLANG_WARN_EMPTY_BODY = YES;
				CLANG_WARN_ENUM_CONVERSION = YES;
				CLANG_WARN_INT_CONVERSION = YES;
				CLANG_WARN_OBJC_ROOT_CLASS = YES_ERROR;
				CLANG_WARN_UNREACHABLE_CODE = YES;
				CLANG_WARN__DUPLICATE_METHOD_MATCH = YES;
				"CODE_SIGN_IDENTITY[sdk=iphoneos*]" = "iPhone Developer";
				COPY_PHASE_STRIP = NO;
				DEBUG_INFORMATION_FORMAT = dwarf;
				ENABLE_STRICT_OBJC_MSGSEND = YES;
				ENABLE_TESTABILITY = YES;
				GCC_C_LANGUAGE_STANDARD = gnu99;
				GCC_DYNAMIC_NO_PIC = NO;
				GCC_NO_COMMON_BLOCKS = YES;
				GCC_OPTIMIZATION_LEVEL = 0;
				GCC_PREPROCESSOR_DEFINITIONS = (
					"DEBUG=1",
					"$(inherited)",
				);
				GCC_WARN_64_TO_32_BIT_CONVERSION = YES;
				GCC_WARN_ABOUT_RETURN_TYPE = YES_ERROR;
				GCC_WARN_UNDECLARED_SELECTOR = YES;
				GCC_WARN_UNINITIALIZED_AUTOS = YES_AGGRESSIVE;
				GCC_WARN_UNUSED_FUNCTION = YES;
				GCC_WARN_UNUSED_VARIABLE = YES;
				IPHONEOS_DEPLOYMENT_TARGET = 9.0;
				MTL_ENABLE_DEBUG_INFO = YES;
				ONLY_ACTIVE_ARCH = NO;
				SDKROOT = iphoneos;
				TARGETED_DEVICE_FAMILY = "1,2";
				VALID_ARCHS = "armv7 armv7s arm64";
			};
			name = Debug;
		};
		F963299B1B7E5E6500C63105 /* Release */ = {
			isa = XCBuildConfiguration;
			buildSettings = {
				ALWAYS_SEARCH_USER_PATHS = NO;
				ARCHS = "$(ARCHS_STANDARD)";
				CLANG_CXX_LANGUAGE_STANDARD = "gnu++0x";
				CLANG_CXX_LIBRARY = "libc++";
				CLANG_ENABLE_MODULES = YES;
				CLANG_ENABLE_OBJC_ARC = YES;
				CLANG_WARN_BOOL_CONVERSION = YES;
				CLANG_WARN_CONSTANT_CONVERSION = YES;
				CLANG_WARN_DIRECT_OBJC_ISA_USAGE = YES_ERROR;
				CLANG_WARN_EMPTY_BODY = YES;
				CLANG_WARN_ENUM_CONVERSION = YES;
				CLANG_WARN_INT_CONVERSION = YES;
				CLANG_WARN_OBJC_ROOT_CLASS = YES_ERROR;
				CLANG_WARN_UNREACHABLE_CODE = YES;
				CLANG_WARN__DUPLICATE_METHOD_MATCH = YES;
				"CODE_SIGN_IDENTITY[sdk=iphoneos*]" = "iPhone Developer";
				COPY_PHASE_STRIP = NO;
				DEBUG_INFORMATION_FORMAT = "dwarf-with-dsym";
				ENABLE_NS_ASSERTIONS = NO;
				ENABLE_STRICT_OBJC_MSGSEND = YES;
				GCC_C_LANGUAGE_STANDARD = gnu99;
				GCC_NO_COMMON_BLOCKS = YES;
				GCC_WARN_64_TO_32_BIT_CONVERSION = YES;
				GCC_WARN_ABOUT_RETURN_TYPE = YES_ERROR;
				GCC_WARN_UNDECLARED_SELECTOR = YES;
				GCC_WARN_UNINITIALIZED_AUTOS = YES_AGGRESSIVE;
				GCC_WARN_UNUSED_FUNCTION = YES;
				GCC_WARN_UNUSED_VARIABLE = YES;
				IPHONEOS_DEPLOYMENT_TARGET = 9.0;
				MTL_ENABLE_DEBUG_INFO = NO;
				ONLY_ACTIVE_ARCH = NO;
				SDKROOT = iphoneos;
				TARGETED_DEVICE_FAMILY = "1,2";
				VALIDATE_PRODUCT = YES;
				VALID_ARCHS = "armv7 armv7s arm64";
			};
			name = Release;
		};
		F963299D1B7E5E6500C63105 /* Debug */ = {
			isa = XCBuildConfiguration;
			baseConfigurationReference = 3C75A9A78BC9A3887F1B8E3C /* Pods-BaseballGame.debug.xcconfig */;
			buildSettings = {
				ARCHS = "$(ARCHS_STANDARD)";
				ASSETCATALOG_COMPILER_APPICON_NAME = AppIcon;
				CODE_SIGN_IDENTITY = "iPhone Developer";
				ENABLE_BITCODE = NO;
				FRAMEWORK_SEARCH_PATHS = (
					"$(inherited)",
					"$(PROJECT_DIR)",
				);
				GCC_PRECOMPILE_PREFIX_HEADER = YES;
				GCC_PREFIX_HEADER = "/Users/chappysthebest1/Desktop/Github Repos/BaseballGame_iOS/BaseballGame/BaseballGame/BaseballGame-Prefix.pch";
				HEADER_SEARCH_PATHS = $SDKROOT/usr/include/libxml2;
				INFOPLIST_FILE = BaseballGame/Info.plist;
				IPHONEOS_DEPLOYMENT_TARGET = 9.0;
				LD_RUNPATH_SEARCH_PATHS = "$(inherited) @executable_path/Frameworks";
				LIBRARY_SEARCH_PATHS = "";
				ONLY_ACTIVE_ARCH = NO;
				OTHER_LDFLAGS = "$(inherited)";
				PRODUCT_BUNDLE_IDENTIFIER = CDdesigns.BaseballGame;
				PRODUCT_NAME = "$(TARGET_NAME)";
				VALID_ARCHS = "armv7, armv7s arm64";
			};
			name = Debug;
		};
		F963299E1B7E5E6500C63105 /* Release */ = {
			isa = XCBuildConfiguration;
			baseConfigurationReference = 6DD54B9FC1FC2732F66B3FBA /* Pods-BaseballGame.release.xcconfig */;
			buildSettings = {
				ARCHS = "$(ARCHS_STANDARD)";
				ASSETCATALOG_COMPILER_APPICON_NAME = AppIcon;
				CODE_SIGN_IDENTITY = "iPhone Developer";
				ENABLE_BITCODE = NO;
				FRAMEWORK_SEARCH_PATHS = (
					"$(inherited)",
					"$(PROJECT_DIR)",
				);
				GCC_PRECOMPILE_PREFIX_HEADER = YES;
				GCC_PREFIX_HEADER = "/Users/chappysthebest1/Desktop/Github Repos/BaseballGame_iOS/BaseballGame/BaseballGame/BaseballGame-Prefix.pch";
				HEADER_SEARCH_PATHS = $SDKROOT/usr/include/libxml2;
				INFOPLIST_FILE = BaseballGame/Info.plist;
				IPHONEOS_DEPLOYMENT_TARGET = 9.0;
				LD_RUNPATH_SEARCH_PATHS = "$(inherited) @executable_path/Frameworks";
				LIBRARY_SEARCH_PATHS = "";
				ONLY_ACTIVE_ARCH = NO;
				OTHER_LDFLAGS = "$(inherited)";
				PRODUCT_BUNDLE_IDENTIFIER = CDdesigns.BaseballGame;
				PRODUCT_NAME = "$(TARGET_NAME)";
				VALID_ARCHS = "armv7, armv7s arm64";
			};
			name = Release;
		};
		F96329A01B7E5E6500C63105 /* Debug */ = {
			isa = XCBuildConfiguration;
			buildSettings = {
				BUNDLE_LOADER = "$(TEST_HOST)";
				INFOPLIST_FILE = BaseballGameTests/Info.plist;
				LD_RUNPATH_SEARCH_PATHS = "$(inherited) @executable_path/Frameworks @loader_path/Frameworks";
				PRODUCT_BUNDLE_IDENTIFIER = CDdesigns.BaseballGameTests;
				PRODUCT_NAME = "$(TARGET_NAME)";
				TEST_HOST = "$(BUILT_PRODUCTS_DIR)/BaseballGame.app/BaseballGame";
			};
			name = Debug;
		};
		F96329A11B7E5E6500C63105 /* Release */ = {
			isa = XCBuildConfiguration;
			buildSettings = {
				BUNDLE_LOADER = "$(TEST_HOST)";
				INFOPLIST_FILE = BaseballGameTests/Info.plist;
				LD_RUNPATH_SEARCH_PATHS = "$(inherited) @executable_path/Frameworks @loader_path/Frameworks";
				PRODUCT_BUNDLE_IDENTIFIER = CDdesigns.BaseballGameTests;
				PRODUCT_NAME = "$(TARGET_NAME)";
				TEST_HOST = "$(BUILT_PRODUCTS_DIR)/BaseballGame.app/BaseballGame";
			};
			name = Release;
		};
		F96329A31B7E5E6500C63105 /* Debug */ = {
			isa = XCBuildConfiguration;
			buildSettings = {
				INFOPLIST_FILE = BaseballGameUITests/Info.plist;
				LD_RUNPATH_SEARCH_PATHS = "$(inherited) @executable_path/Frameworks @loader_path/Frameworks";
				PRODUCT_BUNDLE_IDENTIFIER = CDdesigns.BaseballGameUITests;
				PRODUCT_NAME = "$(TARGET_NAME)";
				TEST_TARGET_NAME = BaseballGame;
				USES_XCTRUNNER = YES;
			};
			name = Debug;
		};
		F96329A41B7E5E6500C63105 /* Release */ = {
			isa = XCBuildConfiguration;
			buildSettings = {
				INFOPLIST_FILE = BaseballGameUITests/Info.plist;
				LD_RUNPATH_SEARCH_PATHS = "$(inherited) @executable_path/Frameworks @loader_path/Frameworks";
				PRODUCT_BUNDLE_IDENTIFIER = CDdesigns.BaseballGameUITests;
				PRODUCT_NAME = "$(TARGET_NAME)";
				TEST_TARGET_NAME = BaseballGame;
				USES_XCTRUNNER = YES;
			};
			name = Release;
		};
/* End XCBuildConfiguration section */

/* Begin XCConfigurationList section */
		F963296A1B7E5E6400C63105 /* Build configuration list for PBXProject "BaseballGame" */ = {
			isa = XCConfigurationList;
			buildConfigurations = (
				F963299A1B7E5E6500C63105 /* Debug */,
				F963299B1B7E5E6500C63105 /* Release */,
			);
			defaultConfigurationIsVisible = 0;
			defaultConfigurationName = Release;
		};
		F963299C1B7E5E6500C63105 /* Build configuration list for PBXNativeTarget "BaseballGame" */ = {
			isa = XCConfigurationList;
			buildConfigurations = (
				F963299D1B7E5E6500C63105 /* Debug */,
				F963299E1B7E5E6500C63105 /* Release */,
			);
			defaultConfigurationIsVisible = 0;
			defaultConfigurationName = Release;
		};
		F963299F1B7E5E6500C63105 /* Build configuration list for PBXNativeTarget "BaseballGameTests" */ = {
			isa = XCConfigurationList;
			buildConfigurations = (
				F96329A01B7E5E6500C63105 /* Debug */,
				F96329A11B7E5E6500C63105 /* Release */,
			);
			defaultConfigurationIsVisible = 0;
			defaultConfigurationName = Release;
		};
		F96329A21B7E5E6500C63105 /* Build configuration list for PBXNativeTarget "BaseballGameUITests" */ = {
			isa = XCConfigurationList;
			buildConfigurations = (
				F96329A31B7E5E6500C63105 /* Debug */,
				F96329A41B7E5E6500C63105 /* Release */,
			);
			defaultConfigurationIsVisible = 0;
			defaultConfigurationName = Release;
		};
/* End XCConfigurationList section */

/* Begin XCVersionGroup section */
		F92CF6641B987B5C00BE0428 /* BGDataModel.xcdatamodeld */ = {
			isa = XCVersionGroup;
			children = (
				F92CF6651B987B5C00BE0428 /* BGDataModel.xcdatamodel */,
			);
			currentVersion = F92CF6651B987B5C00BE0428 /* BGDataModel.xcdatamodel */;
			path = BGDataModel.xcdatamodeld;
			sourceTree = "<group>";
			versionGroupType = wrapper.xcdatamodel;
		};
/* End XCVersionGroup section */
	};
	rootObject = F96329671B7E5E6400C63105 /* Project object */;
}
